// !$*UTF8*$!
{
	archiveVersion = 1;
	classes = {
	};
	objectVersion = 77;
	objects = {
        A10000000000000000000001 = {isa = PBXFileReference; explicitFileType = wrapper.cfbundle; path = AmountlyIntegrationTests.xctest; sourceTree = BUILT_PRODUCTS_DIR; };
        A10000000000000000000002 = {isa = PBXFileSystemSynchronizedRootGroup; path = IntegrationTests; sourceTree = "<group>"; };
        A10000000000000000000003 = {isa = PBXSourcesBuildPhase; buildActionMask = 2147483647; files = (); runOnlyForDeploymentPostprocessing = 0; };
        A10000000000000000000004 = {isa = PBXFrameworksBuildPhase; buildActionMask = 2147483647; files = (A1000000000000000000000C,); runOnlyForDeploymentPostprocessing = 0; };
        A10000000000000000000005 = {isa = PBXNativeTarget; buildConfigurationList = A10000000000000000000006; buildPhases = (A10000000000000000000003,A10000000000000000000004,); buildRules = (); dependencies = (A1000000000000000000000B,); fileSystemSynchronizedGroups = (A10000000000000000000002,); name = AmountlyIntegrationTests; packageProductDependencies = (321F54DC2EF4B3A00015776B,); productName = AmountlyIntegrationTests; productReference = A10000000000000000000001; productType = "com.apple.product-type.bundle.unit-test"; };
        A10000000000000000000006 = {isa = XCConfigurationList; buildConfigurations = (A10000000000000000000007,A10000000000000000000008,); defaultConfigurationIsVisible = 0; defaultConfigurationName = Debug; };
        A10000000000000000000007 = {isa = XCBuildConfiguration; name = Debug; buildSettings = { BUNDLE_LOADER = "$(TEST_HOST)"; TEST_HOST = "$(BUILT_PRODUCTS_DIR)/alpha.app/$(BUNDLE_EXECUTABLE_FOLDER_PATH)/alpha"; CODE_SIGN_STYLE = Automatic; DEVELOPMENT_TEAM = 3M8CLGNQCD; GENERATE_INFOPLIST_FILE = YES; PRODUCT_BUNDLE_IDENTIFIER = macaulay.amountly.integrationtests; PRODUCT_NAME = "$(TARGET_NAME)"; SWIFT_VERSION = 5.0; TARGETED_DEVICE_FAMILY = "1,2"; }; };
        A10000000000000000000008 = {isa = XCBuildConfiguration; name = Release; buildSettings = { BUNDLE_LOADER = "$(TEST_HOST)"; TEST_HOST = "$(BUILT_PRODUCTS_DIR)/alpha.app/$(BUNDLE_EXECUTABLE_FOLDER_PATH)/alpha"; CODE_SIGN_STYLE = Automatic; DEVELOPMENT_TEAM = 3M8CLGNQCD; GENERATE_INFOPLIST_FILE = YES; PRODUCT_BUNDLE_IDENTIFIER = macaulay.amountly.integrationtests; PRODUCT_NAME = "$(TARGET_NAME)"; SWIFT_VERSION = 5.0; TARGETED_DEVICE_FAMILY = "1,2"; }; };
        A1000000000000000000000A = {isa = PBXContainerItemProxy; containerPortal = 328B43632ED6866100A54289; proxyType = 1; remoteGlobalIDString = 328B436A2ED6866100A54289; remoteInfo = alpha; };
        A1000000000000000000000B = {isa = PBXTargetDependency; target = 328B436A2ED6866100A54289; targetProxy = A1000000000000000000000A; };
        A1000000000000000000000C = {isa = PBXBuildFile; productRef = 321F54DC2EF4B3A00015776B; };


        A20000000000000000000001 = {isa = PBXFileReference; explicitFileType = wrapper.cfbundle; path = AmountlyUITests.xctest; sourceTree = BUILT_PRODUCTS_DIR; };
        A20000000000000000000002 = {isa = PBXFileSystemSynchronizedRootGroup; path = UITests; sourceTree = "<group>"; };
        A20000000000000000000003 = {isa = PBXSourcesBuildPhase; buildActionMask = 2147483647; files = (); runOnlyForDeploymentPostprocessing = 0; };
        A20000000000000000000004 = {isa = PBXFrameworksBuildPhase; buildActionMask = 2147483647; files = (); runOnlyForDeploymentPostprocessing = 0; };
        A20000000000000000000005 = {isa = PBXNativeTarget; buildConfigurationList = A20000000000000000000006; buildPhases = (A20000000000000000000003,A20000000000000000000004,); buildRules = (); dependencies = (A2000000000000000000000B,); fileSystemSynchronizedGroups = (A20000000000000000000002,); name = AmountlyUITests; packageProductDependencies = (); productName = AmountlyUITests; productReference = A20000000000000000000001; productType = "com.apple.product-type.bundle.ui-testing"; };
        A20000000000000000000006 = {isa = XCConfigurationList; buildConfigurations = (A20000000000000000000007,A20000000000000000000008,); defaultConfigurationIsVisible = 0; defaultConfigurationName = Debug; };
        A20000000000000000000007 = {isa = XCBuildConfiguration; name = Debug; buildSettings = { TEST_TARGET_NAME = alpha; CODE_SIGN_STYLE = Automatic; DEVELOPMENT_TEAM = 3M8CLGNQCD; GENERATE_INFOPLIST_FILE = YES; PRODUCT_BUNDLE_IDENTIFIER = macaulay.amountly.uitests; PRODUCT_NAME = "$(TARGET_NAME)"; SWIFT_VERSION = 5.0; TARGETED_DEVICE_FAMILY = "1,2"; }; };
        A20000000000000000000008 = {isa = XCBuildConfiguration; name = Release; buildSettings = { TEST_TARGET_NAME = alpha; CODE_SIGN_STYLE = Automatic; DEVELOPMENT_TEAM = 3M8CLGNQCD; GENERATE_INFOPLIST_FILE = YES; PRODUCT_BUNDLE_IDENTIFIER = macaulay.amountly.uitests; PRODUCT_NAME = "$(TARGET_NAME)"; SWIFT_VERSION = 5.0; TARGETED_DEVICE_FAMILY = "1,2"; }; };
        A2000000000000000000000A = {isa = PBXContainerItemProxy; containerPortal = 328B43632ED6866100A54289; proxyType = 1; remoteGlobalIDString = 328B436A2ED6866100A54289; remoteInfo = alpha; };
        A2000000000000000000000B = {isa = PBXTargetDependency; target = 328B436A2ED6866100A54289; targetProxy = A2000000000000000000000A; };


/* Begin PBXBuildFile section */
		321F54DB2EF4B3A00015776B /* Supabase in Frameworks */ = {isa = PBXBuildFile; productRef = 321F54DC2EF4B3A00015776B /* Supabase */; };
/* End PBXBuildFile section */

/* Begin PBXFileReference section */
		328B436B2ED6866100A54289 /* alpha.app */ = {isa = PBXFileReference; explicitFileType = wrapper.application; includeInIndex = 0; path = alpha.app; sourceTree = BUILT_PRODUCTS_DIR; };
/* End PBXFileReference section */

/* Begin PBXFileSystemSynchronizedRootGroup section */
		328B436D2ED6866100A54289 /* alpha */ = {
			isa = PBXFileSystemSynchronizedRootGroup;
			path = alpha;
			sourceTree = "<group>";
		};
/* End PBXFileSystemSynchronizedRootGroup section */

/* Begin PBXFrameworksBuildPhase section */
		328B43682ED6866100A54289 /* Frameworks */ = {
			isa = PBXFrameworksBuildPhase;
			buildActionMask = 2147483647;
			files = (
				321F54DB2EF4B3A00015776B /* Supabase in Frameworks */,
			);
			runOnlyForDeploymentPostprocessing = 0;
		};
/* End PBXFrameworksBuildPhase section */

/* Begin PBXGroup section */
		328B43622ED6866100A54289 = {
			isa = PBXGroup;
			children = (
				328B436D2ED6866100A54289 /* alpha */,
                A10000000000000000000002,
                A20000000000000000000002,
				328B436C2ED6866100A54289 /* Products */,
			);
			sourceTree = "<group>";
		};
		328B436C2ED6866100A54289 /* Products */ = {
			isa = PBXGroup;
			children = (
				328B436B2ED6866100A54289 /* alpha.app */,
                A10000000000000000000001,
                A20000000000000000000001,
			);
			name = Products;
			sourceTree = "<group>";
		};
/* End PBXGroup section */

/* Begin PBXNativeTarget section */
		328B436A2ED6866100A54289 /* alpha */ = {
			isa = PBXNativeTarget;
			buildConfigurationList = 328B43762ED6866200A54289 /* Build configuration list for PBXNativeTarget "alpha" */;
			buildPhases = (
				328B43672ED6866100A54289 /* Sources */,
				328B43682ED6866100A54289 /* Frameworks */,
				328B43692ED6866100A54289 /* Resources */,
			);
			buildRules = (
			);
			dependencies = (
			);
			fileSystemSynchronizedGroups = (
				328B436D2ED6866100A54289 /* alpha */,
			);
			name = alpha;
			packageProductDependencies = (
				321F54DC2EF4B3A00015776B /* Supabase */,
			);
			productName = alpha;
			productReference = 328B436B2ED6866100A54289 /* alpha.app */;
			productType = "com.apple.product-type.application";
		};
/* End PBXNativeTarget section */

/* Begin PBXProject section */
		328B43632ED6866100A54289 /* Project object */ = {
			isa = PBXProject;
			attributes = {
				BuildIndependentTargetsInParallel = 1;
				LastSwiftUpdateCheck = 2610;
				LastUpgradeCheck = 2610;
				TargetAttributes = {
					328B436A2ED6866100A54289 = {
						CreatedOnToolsVersion = 26.1.1;
					};
				};
			};
			buildConfigurationList = 328B43662ED6866100A54289 /* Build configuration list for PBXProject "alpha" */;
			developmentRegion = en;
			hasScannedForEncodings = 0;
			knownRegions = (
				en,
				Base,
			);
			mainGroup = 328B43622ED6866100A54289;
			minimizedProjectReferenceProxies = 1;
			packageReferences = (
				321F54DA2EF4B38F0015776B /* XCRemoteSwiftPackageReference "supabase-swift" */,
			);
			preferredProjectObjectVersion = 77;
			productRefGroup = 328B436C2ED6866100A54289 /* Products */;
			projectDirPath = "";
			projectRoot = "";
			targets = (
                A10000000000000000000005,
                A20000000000000000000005,				328B436A2ED6866100A54289 /* alpha */,
			);
		};
/* End PBXProject section */

/* Begin PBXResourcesBuildPhase section */
		328B43692ED6866100A54289 /* Resources */ = {
			isa = PBXResourcesBuildPhase;
			buildActionMask = 2147483647;
			files = (
			);
			runOnlyForDeploymentPostprocessing = 0;
		};
/* End PBXResourcesBuildPhase section */

/* Begin PBXSourcesBuildPhase section */
		328B43672ED6866100A54289 /* Sources */ = {
			isa = PBXSourcesBuildPhase;
			buildActionMask = 2147483647;
			files = (
			);
			runOnlyForDeploymentPostprocessing = 0;
		};
/* End PBXSourcesBuildPhase section */

/* Begin XCBuildConfiguration section */
		328B43742ED6866200A54289 /* Debug */ = {
			isa = XCBuildConfiguration;
			buildSettings = {
				ALWAYS_SEARCH_USER_PATHS = NO;
				ASSETCATALOG_COMPILER_GENERATE_SWIFT_ASSET_SYMBOL_EXTENSIONS = YES;
				CLANG_ANALYZER_NONNULL = YES;
				CLANG_ANALYZER_NUMBER_OBJECT_CONVERSION = YES_AGGRESSIVE;
				CLANG_CXX_LANGUAGE_STANDARD = "gnu++20";
				CLANG_ENABLE_MODULES = YES;
				CLANG_ENABLE_OBJC_ARC = YES;
				CLANG_ENABLE_OBJC_WEAK = YES;
				CLANG_WARN_BLOCK_CAPTURE_AUTORELEASING = YES;
				CLANG_WARN_BOOL_CONVERSION = YES;
				CLANG_WARN_COMMA = YES;
				CLANG_WARN_CONSTANT_CONVERSION = YES;
				CLANG_WARN_DEPRECATED_OBJC_IMPLEMENTATIONS = YES;
				CLANG_WARN_DIRECT_OBJC_ISA_USAGE = YES_ERROR;
				CLANG_WARN_DOCUMENTATION_COMMENTS = YES;
				CLANG_WARN_EMPTY_BODY = YES;
				CLANG_WARN_ENUM_CONVERSION = YES;
				CLANG_WARN_INFINITE_RECURSION = YES;
				CLANG_WARN_INT_CONVERSION = YES;
				CLANG_WARN_NON_LITERAL_NULL_CONVERSION = YES;
				CLANG_WARN_OBJC_IMPLICIT_RETAIN_SELF = YES;
				CLANG_WARN_OBJC_LITERAL_CONVERSION = YES;
				CLANG_WARN_OBJC_ROOT_CLASS = YES_ERROR;
				CLANG_WARN_QUOTED_INCLUDE_IN_FRAMEWORK_HEADER = YES;
				CLANG_WARN_RANGE_LOOP_ANALYSIS = YES;
				CLANG_WARN_STRICT_PROTOTYPES = YES;
				CLANG_WARN_SUSPICIOUS_MOVE = YES;
				CLANG_WARN_UNGUARDED_AVAILABILITY = YES_AGGRESSIVE;
				CLANG_WARN_UNREACHABLE_CODE = YES;
				CLANG_WARN__DUPLICATE_METHOD_MATCH = YES;
				COPY_PHASE_STRIP = NO;
				DEBUG_INFORMATION_FORMAT = dwarf;
				DEVELOPMENT_TEAM = 3M8CLGNQCD;
				ENABLE_STRICT_OBJC_MSGSEND = YES;
				ENABLE_TESTABILITY = YES;
				ENABLE_USER_SCRIPT_SANDBOXING = YES;
				GCC_C_LANGUAGE_STANDARD = gnu17;
				GCC_DYNAMIC_NO_PIC = NO;
				GCC_NO_COMMON_BLOCKS = YES;
				GCC_OPTIMIZATION_LEVEL = 0;
				GCC_PREPROCESSOR_DEFINITIONS = (
					"DEBUG=1",
					"$(inherited)",
				);
				GCC_WARN_64_TO_32_BIT_CONVERSION = YES;
				GCC_WARN_ABOUT_RETURN_TYPE = YES_ERROR;
				GCC_WARN_UNDECLARED_SELECTOR = YES;
				GCC_WARN_UNINITIALIZED_AUTOS = YES_AGGRESSIVE;
				GCC_WARN_UNUSED_FUNCTION = YES;
				GCC_WARN_UNUSED_VARIABLE = YES;
				IPHONEOS_DEPLOYMENT_TARGET = 26.1;
				LOCALIZATION_PREFERS_STRING_CATALOGS = YES;
				MTL_ENABLE_DEBUG_INFO = INCLUDE_SOURCE;
				MTL_FAST_MATH = YES;
				ONLY_ACTIVE_ARCH = YES;
				SDKROOT = iphoneos;
				SWIFT_ACTIVE_COMPILATION_CONDITIONS = "DEBUG $(inherited)";
				SWIFT_OPTIMIZATION_LEVEL = "-Onone";
			};
			name = Debug;
		};
		328B43752ED6866200A54289 /* Release */ = {
			isa = XCBuildConfiguration;
			buildSettings = {
				ALWAYS_SEARCH_USER_PATHS = NO;
				ASSETCATALOG_COMPILER_GENERATE_SWIFT_ASSET_SYMBOL_EXTENSIONS = YES;
				CLANG_ANALYZER_NONNULL = YES;
				CLANG_ANALYZER_NUMBER_OBJECT_CONVERSION = YES_AGGRESSIVE;
				CLANG_CXX_LANGUAGE_STANDARD = "gnu++20";
				CLANG_ENABLE_MODULES = YES;
				CLANG_ENABLE_OBJC_ARC = YES;
				CLANG_ENABLE_OBJC_WEAK = YES;
				CLANG_WARN_BLOCK_CAPTURE_AUTORELEASING = YES;
				CLANG_WARN_BOOL_CONVERSION = YES;
				CLANG_WARN_COMMA = YES;
				CLANG_WARN_CONSTANT_CONVERSION = YES;
				CLANG_WARN_DEPRECATED_OBJC_IMPLEMENTATIONS = YES;
				CLANG_WARN_DIRECT_OBJC_ISA_USAGE = YES_ERROR;
				CLANG_WARN_DOCUMENTATION_COMMENTS = YES;
				CLANG_WARN_EMPTY_BODY = YES;
				CLANG_WARN_ENUM_CONVERSION = YES;
				CLANG_WARN_INFINITE_RECURSION = YES;
				CLANG_WARN_INT_CONVERSION = YES;
				CLANG_WARN_NON_LITERAL_NULL_CONVERSION = YES;
				CLANG_WARN_OBJC_IMPLICIT_RETAIN_SELF = YES;
				CLANG_WARN_OBJC_LITERAL_CONVERSION = YES;
				CLANG_WARN_OBJC_ROOT_CLASS = YES_ERROR;
				CLANG_WARN_QUOTED_INCLUDE_IN_FRAMEWORK_HEADER = YES;
				CLANG_WARN_RANGE_LOOP_ANALYSIS = YES;
				CLANG_WARN_STRICT_PROTOTYPES = YES;
				CLANG_WARN_SUSPICIOUS_MOVE = YES;
				CLANG_WARN_UNGUARDED_AVAILABILITY = YES_AGGRESSIVE;
				CLANG_WARN_UNREACHABLE_CODE = YES;
				CLANG_WARN__DUPLICATE_METHOD_MATCH = YES;
				COPY_PHASE_STRIP = NO;
				DEBUG_INFORMATION_FORMAT = "dwarf-with-dsym";
				DEVELOPMENT_TEAM = 3M8CLGNQCD;
				ENABLE_NS_ASSERTIONS = NO;
				ENABLE_STRICT_OBJC_MSGSEND = YES;
				ENABLE_USER_SCRIPT_SANDBOXING = YES;
				GCC_C_LANGUAGE_STANDARD = gnu17;
				GCC_NO_COMMON_BLOCKS = YES;
				GCC_WARN_64_TO_32_BIT_CONVERSION = YES;
				GCC_WARN_ABOUT_RETURN_TYPE = YES_ERROR;
				GCC_WARN_UNDECLARED_SELECTOR = YES;
				GCC_WARN_UNINITIALIZED_AUTOS = YES_AGGRESSIVE;
				GCC_WARN_UNUSED_FUNCTION = YES;
				GCC_WARN_UNUSED_VARIABLE = YES;
				IPHONEOS_DEPLOYMENT_TARGET = 26.1;
				LOCALIZATION_PREFERS_STRING_CATALOGS = YES;
				MTL_ENABLE_DEBUG_INFO = NO;
				MTL_FAST_MATH = YES;
				SDKROOT = iphoneos;
				SWIFT_COMPILATION_MODE = wholemodule;
				VALIDATE_PRODUCT = YES;
			};
			name = Release;
		};
		328B43772ED6866200A54289 /* Debug */ = {
			isa = XCBuildConfiguration;
			buildSettings = {
				ASSETCATALOG_COMPILER_APPICON_NAME = AppIcon;
				ASSETCATALOG_COMPILER_GLOBAL_ACCENT_COLOR_NAME = AccentColor;
				CODE_SIGN_STYLE = Automatic;
				CURRENT_PROJECT_VERSION = 1;
				DEVELOPMENT_TEAM = 3M8CLGNQCD;
				ENABLE_PREVIEWS = YES;
				GENERATE_INFOPLIST_FILE = YES;
				INFOPLIST_KEY_CFBundleDisplayName = Amountly;
				INFOPLIST_KEY_UIApplicationSceneManifest_Generation = YES;
				INFOPLIST_KEY_UIApplicationSupportsIndirectInputEvents = YES;
				INFOPLIST_KEY_UILaunchScreen_Generation = YES;
				INFOPLIST_KEY_UISupportedInterfaceOrientations_iPad = "UIInterfaceOrientationPortrait UIInterfaceOrientationPortraitUpsideDown UIInterfaceOrientationLandscapeLeft UIInterfaceOrientationLandscapeRight";
				INFOPLIST_KEY_UISupportedInterfaceOrientations_iPhone = "UIInterfaceOrientationPortrait UIInterfaceOrientationLandscapeLeft UIInterfaceOrientationLandscapeRight";
				LD_RUNPATH_SEARCH_PATHS = (
					"$(inherited)",
					"@executable_path/Frameworks",
				);
				MARKETING_VERSION = 1.0;
				PRODUCT_BUNDLE_IDENTIFIER = macaulay.alpha;
				PRODUCT_NAME = "$(TARGET_NAME)";
				STRING_CATALOG_GENERATE_SYMBOLS = YES;
				SWIFT_APPROACHABLE_CONCURRENCY = YES;
				SWIFT_DEFAULT_ACTOR_ISOLATION = MainActor;
				SWIFT_EMIT_LOC_STRINGS = YES;
				SWIFT_UPCOMING_FEATURE_MEMBER_IMPORT_VISIBILITY = YES;
				SWIFT_VERSION = 5.0;
				TARGETED_DEVICE_FAMILY = "1,2";
			};
			name = Debug;
		};
		328B43782ED6866200A54289 /* Release */ = {
			isa = XCBuildConfiguration;
			buildSettings = {
				ASSETCATALOG_COMPILER_APPICON_NAME = AppIcon;
				ASSETCATALOG_COMPILER_GLOBAL_ACCENT_COLOR_NAME = AccentColor;
				CODE_SIGN_STYLE = Automatic;
				CURRENT_PROJECT_VERSION = 1;
				DEVELOPMENT_TEAM = 3M8CLGNQCD;
				ENABLE_PREVIEWS = YES;
				GENERATE_INFOPLIST_FILE = YES;
				INFOPLIST_KEY_CFBundleDisplayName = Amountly;
				INFOPLIST_KEY_UIApplicationSceneManifest_Generation = YES;
				INFOPLIST_KEY_UIApplicationSupportsIndirectInputEvents = YES;
				INFOPLIST_KEY_UILaunchScreen_Generation = YES;
				INFOPLIST_KEY_UISupportedInterfaceOrientations_iPad = "UIInterfaceOrientationPortrait UIInterfaceOrientationPortraitUpsideDown UIInterfaceOrientationLandscapeLeft UIInterfaceOrientationLandscapeRight";
				INFOPLIST_KEY_UISupportedInterfaceOrientations_iPhone = "UIInterfaceOrientationPortrait UIInterfaceOrientationLandscapeLeft UIInterfaceOrientationLandscapeRight";
				LD_RUNPATH_SEARCH_PATHS = (
					"$(inherited)",
					"@executable_path/Frameworks",
				);
				MARKETING_VERSION = 1.0;
				PRODUCT_BUNDLE_IDENTIFIER = macaulay.alpha;
				PRODUCT_NAME = "$(TARGET_NAME)";
				STRING_CATALOG_GENERATE_SYMBOLS = YES;
				SWIFT_APPROACHABLE_CONCURRENCY = YES;
				SWIFT_DEFAULT_ACTOR_ISOLATION = MainActor;
				SWIFT_EMIT_LOC_STRINGS = YES;
				SWIFT_UPCOMING_FEATURE_MEMBER_IMPORT_VISIBILITY = YES;
				SWIFT_VERSION = 5.0;
				TARGETED_DEVICE_FAMILY = "1,2";
			};
			name = Release;
		};
/* End XCBuildConfiguration section */

/* Begin XCConfigurationList section */
		328B43662ED6866100A54289 /* Build configuration list for PBXProject "alpha" */ = {
			isa = XCConfigurationList;
			buildConfigurations = (
				328B43742ED6866200A54289 /* Debug */,
				328B43752ED6866200A54289 /* Release */,
			);
			defaultConfigurationIsVisible = 0;
			defaultConfigurationName = Release;
		};
		328B43762ED6866200A54289 /* Build configuration list for PBXNativeTarget "alpha" */ = {
			isa = XCConfigurationList;
			buildConfigurations = (
				328B43772ED6866200A54289 /* Debug */,
				328B43782ED6866200A54289 /* Release */,
			);
			defaultConfigurationIsVisible = 0;
			defaultConfigurationName = Release;
		};
/* End XCConfigurationList section */

/* Begin XCRemoteSwiftPackageReference section */
		321F54DA2EF4B38F0015776B /* XCRemoteSwiftPackageReference "supabase-swift" */ = {
			isa = XCRemoteSwiftPackageReference;
			repositoryURL = "https://github.com/supabase/supabase-swift";
			requirement = {
				kind = upToNextMajorVersion;
				minimumVersion = 2.5.1;
			};
		};
/* End XCRemoteSwiftPackageReference section */

/* Begin XCSwiftPackageProductDependency section */
		321F54DC2EF4B3A00015776B /* Supabase */ = {
			isa = XCSwiftPackageProductDependency;
			package = 321F54DA2EF4B38F0015776B /* XCRemoteSwiftPackageReference "supabase-swift" */;
			productName = Supabase;
		};
/* End XCSwiftPackageProductDependency section */
	};
	rootObject = 328B43632ED6866100A54289 /* Project object */;
}
